
Microsoft Visual Studio Solution File, Format Version 12.00
# Visual Studio Version 17
VisualStudioVersion = 17.6.33815.320
MinimumVisualStudioVersion = 10.0.40219.1
Project("{FAE04EC0-301F-11D3-BF4B-00C04F79EFBC}") = "ParallelLINQ", "ParallelLINQ\ParallelLINQ.csproj", "{9EC82858-DC65-4C84-B945-A4F35E6BFB10}"
EndProject
Global
	GlobalSection(SolutionConfigurationPlatforms) = preSolution
		Debug|Any CPU = Debug|Any CPU
		Release|Any CPU = Release|Any CPU
	EndGlobalSection
	GlobalSection(ProjectConfigurationPlatforms) = postSolution
		{9EC82858-DC65-4C84-B945-A4F35E6BFB10}.Debug|Any CPU.ActiveCfg = Debug|Any CPU
		{9EC82858-DC65-4C84-B945-A4F35E6BFB10}.Debug|Any CPU.Build.0 = Debug|Any CPU
		{9EC82858-DC65-4C84-B945-A4F35E6BFB10}.Release|Any CPU.ActiveCfg = Release|Any CPU
		{9EC82858-DC65-4C84-B945-A4F35E6BFB10}.Release|Any CPU.Build.0 = Release|Any CPU
	EndGlobalSection
	GlobalSection(SolutionProperties) = preSolution
		HideSolutionNode = FALSE
	EndGlobalSection
	GlobalSection(ExtensibilityGlobals) = postSolution
		SolutionGuid = {5EB99D0A-BE0B-4EFC-BD85-4E9A30FD8184}
	EndGlobalSection
EndGlobal
